
Microsoft Visual Studio Solution File, Format Version 12.00
# Visual Studio Version 17
VisualStudioVersion = 17.5.002.0
MinimumVisualStudioVersion = 10.0.40219.1
Project("{9A19103F-16F7-4668-BE54-9A1E7A4F7556}") = "GuardianGate", "GuardianGate.csproj", "{3CEE85B0-F61B-4F49-B70B-D03E9BA8A496}"
EndProject
Global
	GlobalSection(SolutionConfigurationPlatforms) = preSolution
		Debug|Any CPU = Debug|Any CPU
		Release|Any CPU = Release|Any CPU
	EndGlobalSection
	GlobalSection(ProjectConfigurationPlatforms) = postSolution
		{3CEE85B0-F61B-4F49-B70B-D03E9BA8A496}.Debug|Any CPU.ActiveCfg = Debug|Any CPU
		{3CEE85B0-F61B-4F49-B70B-D03E9BA8A496}.Debug|Any CPU.Build.0 = Debug|Any CPU
		{3CEE85B0-F61B-4F49-B70B-D03E9BA8A496}.Release|Any CPU.ActiveCfg = Release|Any CPU
		{3CEE85B0-F61B-4F49-B70B-D03E9BA8A496}.Release|Any CPU.Build.0 = Release|Any CPU
	EndGlobalSection
	GlobalSection(SolutionProperties) = preSolution
		HideSolutionNode = FALSE
	EndGlobalSection
	GlobalSection(ExtensibilityGlobals) = postSolution
		SolutionGuid = {9CBF6A51-AA0A-4C27-945F-AE59E41F62F6}
	EndGlobalSection
EndGlobal
